// !$*UTF8*$!
{
	archiveVersion = 1;
	classes = {
	};
	objectVersion = 56;
	objects = {

/* Begin PBXBuildFile section */
		BFBA156429098BE80070D53A /* AppDelegate.swift in Sources */ = {isa = PBXBuildFile; fileRef = BFBA156329098BE80070D53A /* AppDelegate.swift */; };
		BFBA156629098BE80070D53A /* SceneDelegate.swift in Sources */ = {isa = PBXBuildFile; fileRef = BFBA156529098BE80070D53A /* SceneDelegate.swift */; };
		BFBA156829098BE80070D53A /* ViewController.swift in Sources */ = {isa = PBXBuildFile; fileRef = BFBA156729098BE80070D53A /* ViewController.swift */; };
		BFBA156B29098BE80070D53A /* Main.storyboard in Resources */ = {isa = PBXBuildFile; fileRef = BFBA156929098BE80070D53A /* Main.storyboard */; };
		BFBA156D29098BEA0070D53A /* Assets.xcassets in Resources */ = {isa = PBXBuildFile; fileRef = BFBA156C29098BEA0070D53A /* Assets.xcassets */; };
		BFBA157029098BEA0070D53A /* LaunchScreen.storyboard in Resources */ = {isa = PBXBuildFile; fileRef = BFBA156E29098BEA0070D53A /* LaunchScreen.storyboard */; };
		BFBA157829098C9E0070D53A /* SecondViewController.swift in Sources */ = {isa = PBXBuildFile; fileRef = BFBA157729098C9E0070D53A /* SecondViewController.swift */; };
		BFBA157A290A2BC10070D53A /* KakaoTalkViewController.swift in Sources */ = {isa = PBXBuildFile; fileRef = BFBA1579290A2BC10070D53A /* KakaoTalkViewController.swift */; };
		BFBA157C290A32CE0070D53A /* KakaoTalkTableViewCell.swift in Sources */ = {isa = PBXBuildFile; fileRef = BFBA157B290A32CE0070D53A /* KakaoTalkTableViewCell.swift */; };
/* End PBXBuildFile section */

/* Begin PBXFileReference section */
		BFBA156029098BE80070D53A /* 4week_practice.app */ = {isa = PBXFileReference; explicitFileType = wrapper.application; includeInIndex = 0; path = 4week_practice.app; sourceTree = BUILT_PRODUCTS_DIR; };
		BFBA156329098BE80070D53A /* AppDelegate.swift */ = {isa = PBXFileReference; lastKnownFileType = sourcecode.swift; path = AppDelegate.swift; sourceTree = "<group>"; };
		BFBA156529098BE80070D53A /* SceneDelegate.swift */ = {isa = PBXFileReference; lastKnownFileType = sourcecode.swift; path = SceneDelegate.swift; sourceTree = "<group>"; };
		BFBA156729098BE80070D53A /* ViewController.swift */ = {isa = PBXFileReference; lastKnownFileType = sourcecode.swift; path = ViewController.swift; sourceTree = "<group>"; };
		BFBA156A29098BE80070D53A /* Base */ = {isa = PBXFileReference; lastKnownFileType = file.storyboard; name = Base; path = Base.lproj/Main.storyboard; sourceTree = "<group>"; };
		BFBA156C29098BEA0070D53A /* Assets.xcassets */ = {isa = PBXFileReference; lastKnownFileType = folder.assetcatalog; path = Assets.xcassets; sourceTree = "<group>"; };
		BFBA156F29098BEA0070D53A /* Base */ = {isa = PBXFileReference; lastKnownFileType = file.storyboard; name = Base; path = Base.lproj/LaunchScreen.storyboard; sourceTree = "<group>"; };
		BFBA157129098BEA0070D53A /* Info.plist */ = {isa = PBXFileReference; lastKnownFileType = text.plist.xml; path = Info.plist; sourceTree = "<group>"; };
		BFBA157729098C9E0070D53A /* SecondViewController.swift */ = {isa = PBXFileReference; lastKnownFileType = sourcecode.swift; path = SecondViewController.swift; sourceTree = "<group>"; };
		BFBA1579290A2BC10070D53A /* KakaoTalkViewController.swift */ = {isa = PBXFileReference; lastKnownFileType = sourcecode.swift; path = KakaoTalkViewController.swift; sourceTree = "<group>"; };
		BFBA157B290A32CE0070D53A /* KakaoTalkTableViewCell.swift */ = {isa = PBXFileReference; lastKnownFileType = sourcecode.swift; path = KakaoTalkTableViewCell.swift; sourceTree = "<group>"; };
/* End PBXFileReference section */

/* Begin PBXFrameworksBuildPhase section */
		BFBA155D29098BE80070D53A /* Frameworks */ = {
			isa = PBXFrameworksBuildPhase;
			buildActionMask = 2147483647;
			files = (
			);
			runOnlyForDeploymentPostprocessing = 0;
		};
/* End PBXFrameworksBuildPhase section */

/* Begin PBXGroup section */
		BFBA155729098BE70070D53A = {
			isa = PBXGroup;
			children = (
				BFBA156229098BE80070D53A /* 4week_practice */,
				BFBA156129098BE80070D53A /* Products */,
			);
			sourceTree = "<group>";
		};
		BFBA156129098BE80070D53A /* Products */ = {
			isa = PBXGroup;
			children = (
				BFBA156029098BE80070D53A /* 4week_practice.app */,
			);
			name = Products;
			sourceTree = "<group>";
		};
		BFBA156229098BE80070D53A /* 4week_practice */ = {
			isa = PBXGroup;
			children = (
				BFBA156329098BE80070D53A /* AppDelegate.swift */,
				BFBA156529098BE80070D53A /* SceneDelegate.swift */,
				BFBA156729098BE80070D53A /* ViewController.swift */,
				BFBA156929098BE80070D53A /* Main.storyboard */,
				BFBA1579290A2BC10070D53A /* KakaoTalkViewController.swift */,
				BFBA157B290A32CE0070D53A /* KakaoTalkTableViewCell.swift */,
				BFBA157729098C9E0070D53A /* SecondViewController.swift */,
				BFBA156C29098BEA0070D53A /* Assets.xcassets */,
				BFBA156E29098BEA0070D53A /* LaunchScreen.storyboard */,
				BFBA157129098BEA0070D53A /* Info.plist */,
			);
			path = 4week_practice;
			sourceTree = "<group>";
		};
/* End PBXGroup section */

/* Begin PBXNativeTarget section */
		BFBA155F29098BE80070D53A /* 4week_practice */ = {
			isa = PBXNativeTarget;
			buildConfigurationList = BFBA157429098BEA0070D53A /* Build configuration list for PBXNativeTarget "4week_practice" */;
			buildPhases = (
				BFBA155C29098BE80070D53A /* Sources */,
				BFBA155D29098BE80070D53A /* Frameworks */,
				BFBA155E29098BE80070D53A /* Resources */,
			);
			buildRules = (
			);
			dependencies = (
			);
			name = 4week_practice;
			productName = 4week_practice;
			productReference = BFBA156029098BE80070D53A /* 4week_practice.app */;
			productType = "com.apple.product-type.application";
		};
/* End PBXNativeTarget section */

/* Begin PBXProject section */
		BFBA155829098BE70070D53A /* Project object */ = {
			isa = PBXProject;
			attributes = {
				BuildIndependentTargetsInParallel = 1;
				LastSwiftUpdateCheck = 1400;
				LastUpgradeCheck = 1400;
				TargetAttributes = {
					BFBA155F29098BE80070D53A = {
						CreatedOnToolsVersion = 14.0.1;
					};
				};
			};
			buildConfigurationList = BFBA155B29098BE70070D53A /* Build configuration list for PBXProject "4week_practice" */;
			compatibilityVersion = "Xcode 14.0";
			developmentRegion = en;
			hasScannedForEncodings = 0;
			knownRegions = (
				en,
				Base,
			);
			mainGroup = BFBA155729098BE70070D53A;
			productRefGroup = BFBA156129098BE80070D53A /* Products */;
			projectDirPath = "";
			projectRoot = "";
			targets = (
				BFBA155F29098BE80070D53A /* 4week_practice */,
			);
		};
/* End PBXProject section */

/* Begin PBXResourcesBuildPhase section */
		BFBA155E29098BE80070D53A /* Resources */ = {
			isa = PBXResourcesBuildPhase;
			buildActionMask = 2147483647;
			files = (
				BFBA157029098BEA0070D53A /* LaunchScreen.storyboard in Resources */,
				BFBA156D29098BEA0070D53A /* Assets.xcassets in Resources */,
				BFBA156B29098BE80070D53A /* Main.storyboard in Resources */,
			);
			runOnlyForDeploymentPostprocessing = 0;
		};
/* End PBXResourcesBuildPhase section */

/* Begin PBXSourcesBuildPhase section */
		BFBA155C29098BE80070D53A /* Sources */ = {
			isa = PBXSourcesBuildPhase;
			buildActionMask = 2147483647;
			files = (
				BFBA157A290A2BC10070D53A /* KakaoTalkViewController.swift in Sources */,
				BFBA157C290A32CE0070D53A /* KakaoTalkTableViewCell.swift in Sources */,
				BFBA157829098C9E0070D53A /* SecondViewController.swift in Sources */,
				BFBA156829098BE80070D53A /* ViewController.swift in Sources */,
				BFBA156429098BE80070D53A /* AppDelegate.swift in Sources */,
				BFBA156629098BE80070D53A /* SceneDelegate.swift in Sources */,
			);
			runOnlyForDeploymentPostprocessing = 0;
		};
/* End PBXSourcesBuildPhase section */

/* Begin PBXVariantGroup section */
		BFBA156929098BE80070D53A /* Main.storyboard */ = {
			isa = PBXVariantGroup;
			children = (
				BFBA156A29098BE80070D53A /* Base */,
			);
			name = Main.storyboard;
			sourceTree = "<group>";
		};
		BFBA156E29098BEA0070D53A /* LaunchScreen.storyboard */ = {
			isa = PBXVariantGroup;
			children = (
				BFBA156F29098BEA0070D53A /* Base */,
			);
			name = LaunchScreen.storyboard;
			sourceTree = "<group>";
		};
/* End PBXVariantGroup section */

/* Begin XCBuildConfiguration section */
		BFBA157229098BEA0070D53A /* Debug */ = {
			isa = XCBuildConfiguration;
			buildSettings = {
				ALWAYS_SEARCH_USER_PATHS = NO;
				CLANG_ANALYZER_NONNULL = YES;
				CLANG_ANALYZER_NUMBER_OBJECT_CONVERSION = YES_AGGRESSIVE;
				CLANG_CXX_LANGUAGE_STANDARD = "gnu++20";
				CLANG_ENABLE_MODULES = YES;
				CLANG_ENABLE_OBJC_ARC = YES;
				CLANG_ENABLE_OBJC_WEAK = YES;
				CLANG_WARN_BLOCK_CAPTURE_AUTORELEASING = YES;
				CLANG_WARN_BOOL_CONVERSION = YES;
				CLANG_WARN_COMMA = YES;
				CLANG_WARN_CONSTANT_CONVERSION = YES;
				CLANG_WARN_DEPRECATED_OBJC_IMPLEMENTATIONS = YES;
				CLANG_WARN_DIRECT_OBJC_ISA_USAGE = YES_ERROR;
				CLANG_WARN_DOCUMENTATION_COMMENTS = YES;
				CLANG_WARN_EMPTY_BODY = YES;
				CLANG_WARN_ENUM_CONVERSION = YES;
				CLANG_WARN_INFINITE_RECURSION = YES;
				CLANG_WARN_INT_CONVERSION = YES;
				CLANG_WARN_NON_LITERAL_NULL_CONVERSION = YES;
				CLANG_WARN_OBJC_IMPLICIT_RETAIN_SELF = YES;
				CLANG_WARN_OBJC_LITERAL_CONVERSION = YES;
				CLANG_WARN_OBJC_ROOT_CLASS = YES_ERROR;
				CLANG_WARN_QUOTED_INCLUDE_IN_FRAMEWORK_HEADER = YES;
				CLANG_WARN_RANGE_LOOP_ANALYSIS = YES;
				CLANG_WARN_STRICT_PROTOTYPES = YES;
				CLANG_WARN_SUSPICIOUS_MOVE = YES;
				CLANG_WARN_UNGUARDED_AVAILABILITY = YES_AGGRESSIVE;
				CLANG_WARN_UNREACHABLE_CODE = YES;
				CLANG_WARN__DUPLICATE_METHOD_MATCH = YES;
				COPY_PHASE_STRIP = NO;
				DEBUG_INFORMATION_FORMAT = dwarf;
				ENABLE_STRICT_OBJC_MSGSEND = YES;
				ENABLE_TESTABILITY = YES;
				GCC_C_LANGUAGE_STANDARD = gnu11;
				GCC_DYNAMIC_NO_PIC = NO;
				GCC_NO_COMMON_BLOCKS = YES;
				GCC_OPTIMIZATION_LEVEL = 0;
				GCC_PREPROCESSOR_DEFINITIONS = (
					"DEBUG=1",
					"$(inherited)",
				);
				GCC_WARN_64_TO_32_BIT_CONVERSION = YES;
				GCC_WARN_ABOUT_RETURN_TYPE = YES_ERROR;
				GCC_WARN_UNDECLARED_SELECTOR = YES;
				GCC_WARN_UNINITIALIZED_AUTOS = YES_AGGRESSIVE;
				GCC_WARN_UNUSED_FUNCTION = YES;
				GCC_WARN_UNUSED_VARIABLE = YES;
				IPHONEOS_DEPLOYMENT_TARGET = 16.0;
				MTL_ENABLE_DEBUG_INFO = INCLUDE_SOURCE;
				MTL_FAST_MATH = YES;
				ONLY_ACTIVE_ARCH = YES;
				SDKROOT = iphoneos;
				SWIFT_ACTIVE_COMPILATION_CONDITIONS = DEBUG;
				SWIFT_OPTIMIZATION_LEVEL = "-Onone";
			};
			name = Debug;
		};
		BFBA157329098BEA0070D53A /* Release */ = {
			isa = XCBuildConfiguration;
			buildSettings = {
				ALWAYS_SEARCH_USER_PATHS = NO;
				CLANG_ANALYZER_NONNULL = YES;
				CLANG_ANALYZER_NUMBER_OBJECT_CONVERSION = YES_AGGRESSIVE;
				CLANG_CXX_LANGUAGE_STANDARD = "gnu++20";
				CLANG_ENABLE_MODULES = YES;
				CLANG_ENABLE_OBJC_ARC = YES;
				CLANG_ENABLE_OBJC_WEAK = YES;
				CLANG_WARN_BLOCK_CAPTURE_AUTORELEASING = YES;
				CLANG_WARN_BOOL_CONVERSION = YES;
				CLANG_WARN_COMMA = YES;
				CLANG_WARN_CONSTANT_CONVERSION = YES;
				CLANG_WARN_DEPRECATED_OBJC_IMPLEMENTATIONS = YES;
				CLANG_WARN_DIRECT_OBJC_ISA_USAGE = YES_ERROR;
				CLANG_WARN_DOCUMENTATION_COMMENTS = YES;
				CLANG_WARN_EMPTY_BODY = YES;
				CLANG_WARN_ENUM_CONVERSION = YES;
				CLANG_WARN_INFINITE_RECURSION = YES;
				CLANG_WARN_INT_CONVERSION = YES;
				CLANG_WARN_NON_LITERAL_NULL_CONVERSION = YES;
				CLANG_WARN_OBJC_IMPLICIT_RETAIN_SELF = YES;
				CLANG_WARN_OBJC_LITERAL_CONVERSION = YES;
				CLANG_WARN_OBJC_ROOT_CLASS = YES_ERROR;
				CLANG_WARN_QUOTED_INCLUDE_IN_FRAMEWORK_HEADER = YES;
				CLANG_WARN_RANGE_LOOP_ANALYSIS = YES;
				CLANG_WARN_STRICT_PROTOTYPES = YES;
				CLANG_WARN_SUSPICIOUS_MOVE = YES;
				CLANG_WARN_UNGUARDED_AVAILABILITY = YES_AGGRESSIVE;
				CLANG_WARN_UNREACHABLE_CODE = YES;
				CLANG_WARN__DUPLICATE_METHOD_MATCH = YES;
				COPY_PHASE_STRIP = NO;
				DEBUG_INFORMATION_FORMAT = "dwarf-with-dsym";
				ENABLE_NS_ASSERTIONS = NO;
				ENABLE_STRICT_OBJC_MSGSEND = YES;
				GCC_C_LANGUAGE_STANDARD = gnu11;
				GCC_NO_COMMON_BLOCKS = YES;
				GCC_WARN_64_TO_32_BIT_CONVERSION = YES;
				GCC_WARN_ABOUT_RETURN_TYPE = YES_ERROR;
				GCC_WARN_UNDECLARED_SELECTOR = YES;
				GCC_WARN_UNINITIALIZED_AUTOS = YES_AGGRESSIVE;
				GCC_WARN_UNUSED_FUNCTION = YES;
				GCC_WARN_UNUSED_VARIABLE = YES;
				IPHONEOS_DEPLOYMENT_TARGET = 16.0;
				MTL_ENABLE_DEBUG_INFO = NO;
				MTL_FAST_MATH = YES;
				SDKROOT = iphoneos;
				SWIFT_COMPILATION_MODE = wholemodule;
				SWIFT_OPTIMIZATION_LEVEL = "-O";
				VALIDATE_PRODUCT = YES;
			};
			name = Release;
		};
		BFBA157529098BEA0070D53A /* Debug */ = {
			isa = XCBuildConfiguration;
			buildSettings = {
				ASSETCATALOG_COMPILER_APPICON_NAME = AppIcon;
				ASSETCATALOG_COMPILER_GLOBAL_ACCENT_COLOR_NAME = AccentColor;
				CODE_SIGN_STYLE = Automatic;
				CURRENT_PROJECT_VERSION = 1;
				DEVELOPMENT_TEAM = XR5LGKB2M5;
				GENERATE_INFOPLIST_FILE = YES;
				INFOPLIST_FILE = 4week_practice/Info.plist;
				INFOPLIST_KEY_UIApplicationSupportsIndirectInputEvents = YES;
				INFOPLIST_KEY_UILaunchStoryboardName = LaunchScreen;
				INFOPLIST_KEY_UIMainStoryboardFile = Main;
				INFOPLIST_KEY_UISupportedInterfaceOrientations_iPad = "UIInterfaceOrientationPortrait UIInterfaceOrientationPortraitUpsideDown UIInterfaceOrientationLandscapeLeft UIInterfaceOrientationLandscapeRight";
				INFOPLIST_KEY_UISupportedInterfaceOrientations_iPhone = "UIInterfaceOrientationPortrait UIInterfaceOrientationLandscapeLeft UIInterfaceOrientationLandscapeRight";
				LD_RUNPATH_SEARCH_PATHS = (
					"$(inherited)",
					"@executable_path/Frameworks",
				);
				MARKETING_VERSION = 1.0;
				PRODUCT_BUNDLE_IDENTIFIER = "programming.-week-practice";
				PRODUCT_NAME = "$(TARGET_NAME)";
				SWIFT_EMIT_LOC_STRINGS = YES;
				SWIFT_VERSION = 5.0;
				TARGETED_DEVICE_FAMILY = "1,2";
			};
			name = Debug;
		};
		BFBA157629098BEA0070D53A /* Release */ = {
			isa = XCBuildConfiguration;
			buildSettings = {
				ASSETCATALOG_COMPILER_APPICON_NAME = AppIcon;
				ASSETCATALOG_COMPILER_GLOBAL_ACCENT_COLOR_NAME = AccentColor;
				CODE_SIGN_STYLE = Automatic;
				CURRENT_PROJECT_VERSION = 1;
				DEVELOPMENT_TEAM = XR5LGKB2M5;
				GENERATE_INFOPLIST_FILE = YES;
				INFOPLIST_FILE = 4week_practice/Info.plist;
				INFOPLIST_KEY_UIApplicationSupportsIndirectInputEvents = YES;
				INFOPLIST_KEY_UILaunchStoryboardName = LaunchScreen;
				INFOPLIST_KEY_UIMainStoryboardFile = Main;
				INFOPLIST_KEY_UISupportedInterfaceOrientations_iPad = "UIInterfaceOrientationPortrait UIInterfaceOrientationPortraitUpsideDown UIInterfaceOrientationLandscapeLeft UIInterfaceOrientationLandscapeRight";
				INFOPLIST_KEY_UISupportedInterfaceOrientations_iPhone = "UIInterfaceOrientationPortrait UIInterfaceOrientationLandscapeLeft UIInterfaceOrientationLandscapeRight";
				LD_RUNPATH_SEARCH_PATHS = (
					"$(inherited)",
					"@executable_path/Frameworks",
				);
				MARKETING_VERSION = 1.0;
				PRODUCT_BUNDLE_IDENTIFIER = "programming.-week-practice";
				PRODUCT_NAME = "$(TARGET_NAME)";
				SWIFT_EMIT_LOC_STRINGS = YES;
				SWIFT_VERSION = 5.0;
				TARGETED_DEVICE_FAMILY = "1,2";
			};
			name = Release;
		};
/* End XCBuildConfiguration section */

/* Begin XCConfigurationList section */
		BFBA155B29098BE70070D53A /* Build configuration list for PBXProject "4week_practice" */ = {
			isa = XCConfigurationList;
			buildConfigurations = (
				BFBA157229098BEA0070D53A /* Debug */,
				BFBA157329098BEA0070D53A /* Release */,
			);
			defaultConfigurationIsVisible = 0;
			defaultConfigurationName = Release;
		};
		BFBA157429098BEA0070D53A /* Build configuration list for PBXNativeTarget "4week_practice" */ = {
			isa = XCConfigurationList;
			buildConfigurations = (
				BFBA157529098BEA0070D53A /* Debug */,
				BFBA157629098BEA0070D53A /* Release */,
			);
			defaultConfigurationIsVisible = 0;
			defaultConfigurationName = Release;
		};
/* End XCConfigurationList section */
	};
	rootObject = BFBA155829098BE70070D53A /* Project object */;
}
