// !$*UTF8*$!
{
	archiveVersion = 1;
	classes = {
	};
	objectVersion = 55;
	objects = {

/* Begin PBXBuildFile section */
		576AA26E2719473AD8F8A514 /* Pods_week3_challenge_R.framework in Frameworks */ = {isa = PBXBuildFile; fileRef = D66728F16F1D18FD945D261E /* Pods_week3_challenge_R.framework */; };
		BF07C6DA28EEC58600AD288C /* ApplyViewController.swift in Sources */ = {isa = PBXBuildFile; fileRef = BF07C6D928EEC58600AD288C /* ApplyViewController.swift */; };
		BFAD6113290ADFCF0049B1B6 /* ExpertPartCollectionViewCell.swift in Sources */ = {isa = PBXBuildFile; fileRef = BFAD6112290ADFCF0049B1B6 /* ExpertPartCollectionViewCell.swift */; };
		BFCC617528EEDB490032A396 /* CheckViewController.swift in Sources */ = {isa = PBXBuildFile; fileRef = BFCC617428EEDB490032A396 /* CheckViewController.swift */; };
		BFF23F5E28EDF6EA00BC38D0 /* AppDelegate.swift in Sources */ = {isa = PBXBuildFile; fileRef = BFF23F5D28EDF6EA00BC38D0 /* AppDelegate.swift */; };
		BFF23F6028EDF6EA00BC38D0 /* SceneDelegate.swift in Sources */ = {isa = PBXBuildFile; fileRef = BFF23F5F28EDF6EA00BC38D0 /* SceneDelegate.swift */; };
		BFF23F6228EDF6EA00BC38D0 /* ViewController.swift in Sources */ = {isa = PBXBuildFile; fileRef = BFF23F6128EDF6EA00BC38D0 /* ViewController.swift */; };
		BFF23F6528EDF6EA00BC38D0 /* Main.storyboard in Resources */ = {isa = PBXBuildFile; fileRef = BFF23F6328EDF6EA00BC38D0 /* Main.storyboard */; };
		BFF23F6728EDF6EC00BC38D0 /* Assets.xcassets in Resources */ = {isa = PBXBuildFile; fileRef = BFF23F6628EDF6EC00BC38D0 /* Assets.xcassets */; };
		BFF23F6A28EDF6EC00BC38D0 /* LaunchScreen.storyboard in Resources */ = {isa = PBXBuildFile; fileRef = BFF23F6828EDF6EC00BC38D0 /* LaunchScreen.storyboard */; };
		BFF23F7228EDFC0B00BC38D0 /* PushedViewController.swift in Sources */ = {isa = PBXBuildFile; fileRef = BFF23F7128EDFC0B00BC38D0 /* PushedViewController.swift */; };
/* End PBXBuildFile section */

/* Begin PBXFileReference section */
		686BC10592A263CC3139F053 /* Pods-week3_challenge_R.debug.xcconfig */ = {isa = PBXFileReference; includeInIndex = 1; lastKnownFileType = text.xcconfig; name = "Pods-week3_challenge_R.debug.xcconfig"; path = "Target Support Files/Pods-week3_challenge_R/Pods-week3_challenge_R.debug.xcconfig"; sourceTree = "<group>"; };
		BF07C6D928EEC58600AD288C /* ApplyViewController.swift */ = {isa = PBXFileReference; lastKnownFileType = sourcecode.swift; path = ApplyViewController.swift; sourceTree = "<group>"; };
		BFAD6112290ADFCF0049B1B6 /* ExpertPartCollectionViewCell.swift */ = {isa = PBXFileReference; lastKnownFileType = sourcecode.swift; path = ExpertPartCollectionViewCell.swift; sourceTree = "<group>"; };
		BFCC617428EEDB490032A396 /* CheckViewController.swift */ = {isa = PBXFileReference; lastKnownFileType = sourcecode.swift; path = CheckViewController.swift; sourceTree = "<group>"; };
		BFF23F5A28EDF6EA00BC38D0 /* week3_challenge_R.app */ = {isa = PBXFileReference; explicitFileType = wrapper.application; includeInIndex = 0; path = week3_challenge_R.app; sourceTree = BUILT_PRODUCTS_DIR; };
		BFF23F5D28EDF6EA00BC38D0 /* AppDelegate.swift */ = {isa = PBXFileReference; lastKnownFileType = sourcecode.swift; path = AppDelegate.swift; sourceTree = "<group>"; };
		BFF23F5F28EDF6EA00BC38D0 /* SceneDelegate.swift */ = {isa = PBXFileReference; lastKnownFileType = sourcecode.swift; path = SceneDelegate.swift; sourceTree = "<group>"; };
		BFF23F6128EDF6EA00BC38D0 /* ViewController.swift */ = {isa = PBXFileReference; lastKnownFileType = sourcecode.swift; path = ViewController.swift; sourceTree = "<group>"; };
		BFF23F6428EDF6EA00BC38D0 /* Base */ = {isa = PBXFileReference; lastKnownFileType = file.storyboard; name = Base; path = Base.lproj/Main.storyboard; sourceTree = "<group>"; };
		BFF23F6628EDF6EC00BC38D0 /* Assets.xcassets */ = {isa = PBXFileReference; lastKnownFileType = folder.assetcatalog; path = Assets.xcassets; sourceTree = "<group>"; };
		BFF23F6928EDF6EC00BC38D0 /* Base */ = {isa = PBXFileReference; lastKnownFileType = file.storyboard; name = Base; path = Base.lproj/LaunchScreen.storyboard; sourceTree = "<group>"; };
		BFF23F6B28EDF6EC00BC38D0 /* Info.plist */ = {isa = PBXFileReference; lastKnownFileType = text.plist.xml; path = Info.plist; sourceTree = "<group>"; };
		BFF23F7128EDFC0B00BC38D0 /* PushedViewController.swift */ = {isa = PBXFileReference; lastKnownFileType = sourcecode.swift; path = PushedViewController.swift; sourceTree = "<group>"; };
		D66728F16F1D18FD945D261E /* Pods_week3_challenge_R.framework */ = {isa = PBXFileReference; explicitFileType = wrapper.framework; includeInIndex = 0; path = Pods_week3_challenge_R.framework; sourceTree = BUILT_PRODUCTS_DIR; };
		D6C543B6959CA56297BB7C55 /* Pods-week3_challenge_R.release.xcconfig */ = {isa = PBXFileReference; includeInIndex = 1; lastKnownFileType = text.xcconfig; name = "Pods-week3_challenge_R.release.xcconfig"; path = "Target Support Files/Pods-week3_challenge_R/Pods-week3_challenge_R.release.xcconfig"; sourceTree = "<group>"; };
/* End PBXFileReference section */

/* Begin PBXFrameworksBuildPhase section */
		BFF23F5728EDF6EA00BC38D0 /* Frameworks */ = {
			isa = PBXFrameworksBuildPhase;
			buildActionMask = 2147483647;
			files = (
				576AA26E2719473AD8F8A514 /* Pods_week3_challenge_R.framework in Frameworks */,
			);
			runOnlyForDeploymentPostprocessing = 0;
		};
/* End PBXFrameworksBuildPhase section */

/* Begin PBXGroup section */
		5700EF8A645A44514D47F973 /* Pods */ = {
			isa = PBXGroup;
			children = (
				686BC10592A263CC3139F053 /* Pods-week3_challenge_R.debug.xcconfig */,
				D6C543B6959CA56297BB7C55 /* Pods-week3_challenge_R.release.xcconfig */,
			);
			path = Pods;
			sourceTree = "<group>";
		};
		A1AFAE8A7D84E4AC18A5898A /* Frameworks */ = {
			isa = PBXGroup;
			children = (
				D66728F16F1D18FD945D261E /* Pods_week3_challenge_R.framework */,
			);
			name = Frameworks;
			sourceTree = "<group>";
		};
		BFF23F5128EDF6EA00BC38D0 = {
			isa = PBXGroup;
			children = (
				BFF23F5C28EDF6EA00BC38D0 /* week3_challenge_R */,
				BFF23F5B28EDF6EA00BC38D0 /* Products */,
				5700EF8A645A44514D47F973 /* Pods */,
				A1AFAE8A7D84E4AC18A5898A /* Frameworks */,
			);
			sourceTree = "<group>";
		};
		BFF23F5B28EDF6EA00BC38D0 /* Products */ = {
			isa = PBXGroup;
			children = (
				BFF23F5A28EDF6EA00BC38D0 /* week3_challenge_R.app */,
			);
			name = Products;
			sourceTree = "<group>";
		};
		BFF23F5C28EDF6EA00BC38D0 /* week3_challenge_R */ = {
			isa = PBXGroup;
			children = (
				BFF23F5D28EDF6EA00BC38D0 /* AppDelegate.swift */,
				BFF23F5F28EDF6EA00BC38D0 /* SceneDelegate.swift */,
				BFF23F6128EDF6EA00BC38D0 /* ViewController.swift */,
				BFF23F6328EDF6EA00BC38D0 /* Main.storyboard */,
				BFAD6112290ADFCF0049B1B6 /* ExpertPartCollectionViewCell.swift */,
				BFCC617428EEDB490032A396 /* CheckViewController.swift */,
				BF07C6D928EEC58600AD288C /* ApplyViewController.swift */,
				BFF23F7128EDFC0B00BC38D0 /* PushedViewController.swift */,
				BFF23F6628EDF6EC00BC38D0 /* Assets.xcassets */,
				BFF23F6828EDF6EC00BC38D0 /* LaunchScreen.storyboard */,
				BFF23F6B28EDF6EC00BC38D0 /* Info.plist */,
			);
			path = week3_challenge_R;
			sourceTree = "<group>";
		};
/* End PBXGroup section */

/* Begin PBXNativeTarget section */
		BFF23F5928EDF6EA00BC38D0 /* week3_challenge_R */ = {
			isa = PBXNativeTarget;
			buildConfigurationList = BFF23F6E28EDF6EC00BC38D0 /* Build configuration list for PBXNativeTarget "week3_challenge_R" */;
			buildPhases = (
				950ED7C0956A572CD9BB0098 /* [CP] Check Pods Manifest.lock */,
				BFF23F5628EDF6EA00BC38D0 /* Sources */,
				BFF23F5728EDF6EA00BC38D0 /* Frameworks */,
				BFF23F5828EDF6EA00BC38D0 /* Resources */,
				91F4804245577C0D99F21825 /* [CP] Embed Pods Frameworks */,
			);
			buildRules = (
			);
			dependencies = (
			);
			name = week3_challenge_R;
			productName = week3_challenge_R;
			productReference = BFF23F5A28EDF6EA00BC38D0 /* week3_challenge_R.app */;
			productType = "com.apple.product-type.application";
		};
/* End PBXNativeTarget section */

/* Begin PBXProject section */
		BFF23F5228EDF6EA00BC38D0 /* Project object */ = {
			isa = PBXProject;
			attributes = {
				BuildIndependentTargetsInParallel = 1;
				LastSwiftUpdateCheck = 1340;
				LastUpgradeCheck = 1340;
				TargetAttributes = {
					BFF23F5928EDF6EA00BC38D0 = {
						CreatedOnToolsVersion = 13.4.1;
					};
				};
			};
			buildConfigurationList = BFF23F5528EDF6EA00BC38D0 /* Build configuration list for PBXProject "week3_challenge_R" */;
			compatibilityVersion = "Xcode 13.0";
			developmentRegion = en;
			hasScannedForEncodings = 0;
			knownRegions = (
				en,
				Base,
			);
			mainGroup = BFF23F5128EDF6EA00BC38D0;
			productRefGroup = BFF23F5B28EDF6EA00BC38D0 /* Products */;
			projectDirPath = "";
			projectRoot = "";
			targets = (
				BFF23F5928EDF6EA00BC38D0 /* week3_challenge_R */,
			);
		};
/* End PBXProject section */

/* Begin PBXResourcesBuildPhase section */
		BFF23F5828EDF6EA00BC38D0 /* Resources */ = {
			isa = PBXResourcesBuildPhase;
			buildActionMask = 2147483647;
			files = (
				BFF23F6A28EDF6EC00BC38D0 /* LaunchScreen.storyboard in Resources */,
				BFF23F6728EDF6EC00BC38D0 /* Assets.xcassets in Resources */,
				BFF23F6528EDF6EA00BC38D0 /* Main.storyboard in Resources */,
			);
			runOnlyForDeploymentPostprocessing = 0;
		};
/* End PBXResourcesBuildPhase section */

/* Begin PBXShellScriptBuildPhase section */
		91F4804245577C0D99F21825 /* [CP] Embed Pods Frameworks */ = {
			isa = PBXShellScriptBuildPhase;
			buildActionMask = 2147483647;
			files = (
			);
			inputFileListPaths = (
				"${PODS_ROOT}/Target Support Files/Pods-week3_challenge_R/Pods-week3_challenge_R-frameworks-${CONFIGURATION}-input-files.xcfilelist",
			);
			name = "[CP] Embed Pods Frameworks";
			outputFileListPaths = (
				"${PODS_ROOT}/Target Support Files/Pods-week3_challenge_R/Pods-week3_challenge_R-frameworks-${CONFIGURATION}-output-files.xcfilelist",
			);
			runOnlyForDeploymentPostprocessing = 0;
			shellPath = /bin/sh;
			shellScript = "\"${PODS_ROOT}/Target Support Files/Pods-week3_challenge_R/Pods-week3_challenge_R-frameworks.sh\"\n";
			showEnvVarsInLog = 0;
		};
		950ED7C0956A572CD9BB0098 /* [CP] Check Pods Manifest.lock */ = {
			isa = PBXShellScriptBuildPhase;
			buildActionMask = 2147483647;
			files = (
			);
			inputFileListPaths = (
			);
			inputPaths = (
				"${PODS_PODFILE_DIR_PATH}/Podfile.lock",
				"${PODS_ROOT}/Manifest.lock",
			);
			name = "[CP] Check Pods Manifest.lock";
			outputFileListPaths = (
			);
			outputPaths = (
				"$(DERIVED_FILE_DIR)/Pods-week3_challenge_R-checkManifestLockResult.txt",
			);
			runOnlyForDeploymentPostprocessing = 0;
			shellPath = /bin/sh;
			shellScript = "diff \"${PODS_PODFILE_DIR_PATH}/Podfile.lock\" \"${PODS_ROOT}/Manifest.lock\" > /dev/null\nif [ $? != 0 ] ; then\n    # print error to STDERR\n    echo \"error: The sandbox is not in sync with the Podfile.lock. Run 'pod install' or update your CocoaPods installation.\" >&2\n    exit 1\nfi\n# This output is used by Xcode 'outputs' to avoid re-running this script phase.\necho \"SUCCESS\" > \"${SCRIPT_OUTPUT_FILE_0}\"\n";
			showEnvVarsInLog = 0;
		};
/* End PBXShellScriptBuildPhase section */

/* Begin PBXSourcesBuildPhase section */
		BFF23F5628EDF6EA00BC38D0 /* Sources */ = {
			isa = PBXSourcesBuildPhase;
			buildActionMask = 2147483647;
			files = (
				BFF23F6228EDF6EA00BC38D0 /* ViewController.swift in Sources */,
				BFF23F7228EDFC0B00BC38D0 /* PushedViewController.swift in Sources */,
				BF07C6DA28EEC58600AD288C /* ApplyViewController.swift in Sources */,
				BFCC617528EEDB490032A396 /* CheckViewController.swift in Sources */,
				BFF23F5E28EDF6EA00BC38D0 /* AppDelegate.swift in Sources */,
				BFAD6113290ADFCF0049B1B6 /* ExpertPartCollectionViewCell.swift in Sources */,
				BFF23F6028EDF6EA00BC38D0 /* SceneDelegate.swift in Sources */,
			);
			runOnlyForDeploymentPostprocessing = 0;
		};
/* End PBXSourcesBuildPhase section */

/* Begin PBXVariantGroup section */
		BFF23F6328EDF6EA00BC38D0 /* Main.storyboard */ = {
			isa = PBXVariantGroup;
			children = (
				BFF23F6428EDF6EA00BC38D0 /* Base */,
			);
			name = Main.storyboard;
			sourceTree = "<group>";
		};
		BFF23F6828EDF6EC00BC38D0 /* LaunchScreen.storyboard */ = {
			isa = PBXVariantGroup;
			children = (
				BFF23F6928EDF6EC00BC38D0 /* Base */,
			);
			name = LaunchScreen.storyboard;
			sourceTree = "<group>";
		};
/* End PBXVariantGroup section */

/* Begin XCBuildConfiguration section */
		BFF23F6C28EDF6EC00BC38D0 /* Debug */ = {
			isa = XCBuildConfiguration;
			buildSettings = {
				ALWAYS_SEARCH_USER_PATHS = NO;
				CLANG_ANALYZER_NONNULL = YES;
				CLANG_ANALYZER_NUMBER_OBJECT_CONVERSION = YES_AGGRESSIVE;
				CLANG_CXX_LANGUAGE_STANDARD = "gnu++17";
				CLANG_ENABLE_MODULES = YES;
				CLANG_ENABLE_OBJC_ARC = YES;
				CLANG_ENABLE_OBJC_WEAK = YES;
				CLANG_WARN_BLOCK_CAPTURE_AUTORELEASING = YES;
				CLANG_WARN_BOOL_CONVERSION = YES;
				CLANG_WARN_COMMA = YES;
				CLANG_WARN_CONSTANT_CONVERSION = YES;
				CLANG_WARN_DEPRECATED_OBJC_IMPLEMENTATIONS = YES;
				CLANG_WARN_DIRECT_OBJC_ISA_USAGE = YES_ERROR;
				CLANG_WARN_DOCUMENTATION_COMMENTS = YES;
				CLANG_WARN_EMPTY_BODY = YES;
				CLANG_WARN_ENUM_CONVERSION = YES;
				CLANG_WARN_INFINITE_RECURSION = YES;
				CLANG_WARN_INT_CONVERSION = YES;
				CLANG_WARN_NON_LITERAL_NULL_CONVERSION = YES;
				CLANG_WARN_OBJC_IMPLICIT_RETAIN_SELF = YES;
				CLANG_WARN_OBJC_LITERAL_CONVERSION = YES;
				CLANG_WARN_OBJC_ROOT_CLASS = YES_ERROR;
				CLANG_WARN_QUOTED_INCLUDE_IN_FRAMEWORK_HEADER = YES;
				CLANG_WARN_RANGE_LOOP_ANALYSIS = YES;
				CLANG_WARN_STRICT_PROTOTYPES = YES;
				CLANG_WARN_SUSPICIOUS_MOVE = YES;
				CLANG_WARN_UNGUARDED_AVAILABILITY = YES_AGGRESSIVE;
				CLANG_WARN_UNREACHABLE_CODE = YES;
				CLANG_WARN__DUPLICATE_METHOD_MATCH = YES;
				COPY_PHASE_STRIP = NO;
				DEBUG_INFORMATION_FORMAT = dwarf;
				ENABLE_STRICT_OBJC_MSGSEND = YES;
				ENABLE_TESTABILITY = YES;
				GCC_C_LANGUAGE_STANDARD = gnu11;
				GCC_DYNAMIC_NO_PIC = NO;
				GCC_NO_COMMON_BLOCKS = YES;
				GCC_OPTIMIZATION_LEVEL = 0;
				GCC_PREPROCESSOR_DEFINITIONS = (
					"DEBUG=1",
					"$(inherited)",
				);
				GCC_WARN_64_TO_32_BIT_CONVERSION = YES;
				GCC_WARN_ABOUT_RETURN_TYPE = YES_ERROR;
				GCC_WARN_UNDECLARED_SELECTOR = YES;
				GCC_WARN_UNINITIALIZED_AUTOS = YES_AGGRESSIVE;
				GCC_WARN_UNUSED_FUNCTION = YES;
				GCC_WARN_UNUSED_VARIABLE = YES;
				IPHONEOS_DEPLOYMENT_TARGET = 15.5;
				MTL_ENABLE_DEBUG_INFO = INCLUDE_SOURCE;
				MTL_FAST_MATH = YES;
				ONLY_ACTIVE_ARCH = YES;
				SDKROOT = iphoneos;
				SWIFT_ACTIVE_COMPILATION_CONDITIONS = DEBUG;
				SWIFT_OPTIMIZATION_LEVEL = "-Onone";
			};
			name = Debug;
		};
		BFF23F6D28EDF6EC00BC38D0 /* Release */ = {
			isa = XCBuildConfiguration;
			buildSettings = {
				ALWAYS_SEARCH_USER_PATHS = NO;
				CLANG_ANALYZER_NONNULL = YES;
				CLANG_ANALYZER_NUMBER_OBJECT_CONVERSION = YES_AGGRESSIVE;
				CLANG_CXX_LANGUAGE_STANDARD = "gnu++17";
				CLANG_ENABLE_MODULES = YES;
				CLANG_ENABLE_OBJC_ARC = YES;
				CLANG_ENABLE_OBJC_WEAK = YES;
				CLANG_WARN_BLOCK_CAPTURE_AUTORELEASING = YES;
				CLANG_WARN_BOOL_CONVERSION = YES;
				CLANG_WARN_COMMA = YES;
				CLANG_WARN_CONSTANT_CONVERSION = YES;
				CLANG_WARN_DEPRECATED_OBJC_IMPLEMENTATIONS = YES;
				CLANG_WARN_DIRECT_OBJC_ISA_USAGE = YES_ERROR;
				CLANG_WARN_DOCUMENTATION_COMMENTS = YES;
				CLANG_WARN_EMPTY_BODY = YES;
				CLANG_WARN_ENUM_CONVERSION = YES;
				CLANG_WARN_INFINITE_RECURSION = YES;
				CLANG_WARN_INT_CONVERSION = YES;
				CLANG_WARN_NON_LITERAL_NULL_CONVERSION = YES;
				CLANG_WARN_OBJC_IMPLICIT_RETAIN_SELF = YES;
				CLANG_WARN_OBJC_LITERAL_CONVERSION = YES;
				CLANG_WARN_OBJC_ROOT_CLASS = YES_ERROR;
				CLANG_WARN_QUOTED_INCLUDE_IN_FRAMEWORK_HEADER = YES;
				CLANG_WARN_RANGE_LOOP_ANALYSIS = YES;
				CLANG_WARN_STRICT_PROTOTYPES = YES;
				CLANG_WARN_SUSPICIOUS_MOVE = YES;
				CLANG_WARN_UNGUARDED_AVAILABILITY = YES_AGGRESSIVE;
				CLANG_WARN_UNREACHABLE_CODE = YES;
				CLANG_WARN__DUPLICATE_METHOD_MATCH = YES;
				COPY_PHASE_STRIP = NO;
				DEBUG_INFORMATION_FORMAT = "dwarf-with-dsym";
				ENABLE_NS_ASSERTIONS = NO;
				ENABLE_STRICT_OBJC_MSGSEND = YES;
				GCC_C_LANGUAGE_STANDARD = gnu11;
				GCC_NO_COMMON_BLOCKS = YES;
				GCC_WARN_64_TO_32_BIT_CONVERSION = YES;
				GCC_WARN_ABOUT_RETURN_TYPE = YES_ERROR;
				GCC_WARN_UNDECLARED_SELECTOR = YES;
				GCC_WARN_UNINITIALIZED_AUTOS = YES_AGGRESSIVE;
				GCC_WARN_UNUSED_FUNCTION = YES;
				GCC_WARN_UNUSED_VARIABLE = YES;
				IPHONEOS_DEPLOYMENT_TARGET = 15.5;
				MTL_ENABLE_DEBUG_INFO = NO;
				MTL_FAST_MATH = YES;
				SDKROOT = iphoneos;
				SWIFT_COMPILATION_MODE = wholemodule;
				SWIFT_OPTIMIZATION_LEVEL = "-O";
				VALIDATE_PRODUCT = YES;
			};
			name = Release;
		};
		BFF23F6F28EDF6EC00BC38D0 /* Debug */ = {
			isa = XCBuildConfiguration;
			baseConfigurationReference = 686BC10592A263CC3139F053 /* Pods-week3_challenge_R.debug.xcconfig */;
			buildSettings = {
				ASSETCATALOG_COMPILER_APPICON_NAME = AppIcon;
				ASSETCATALOG_COMPILER_GLOBAL_ACCENT_COLOR_NAME = AccentColor;
				CODE_SIGN_STYLE = Automatic;
				CURRENT_PROJECT_VERSION = 1;
				DEVELOPMENT_TEAM = XR5LGKB2M5;
				GENERATE_INFOPLIST_FILE = YES;
				INFOPLIST_FILE = week3_challenge_R/Info.plist;
				INFOPLIST_KEY_UIApplicationSupportsIndirectInputEvents = YES;
				INFOPLIST_KEY_UILaunchStoryboardName = LaunchScreen;
				INFOPLIST_KEY_UIMainStoryboardFile = Main;
				INFOPLIST_KEY_UISupportedInterfaceOrientations_iPad = "UIInterfaceOrientationPortrait UIInterfaceOrientationPortraitUpsideDown UIInterfaceOrientationLandscapeLeft UIInterfaceOrientationLandscapeRight";
				INFOPLIST_KEY_UISupportedInterfaceOrientations_iPhone = "UIInterfaceOrientationPortrait UIInterfaceOrientationLandscapeLeft UIInterfaceOrientationLandscapeRight";
				LD_RUNPATH_SEARCH_PATHS = (
					"$(inherited)",
					"@executable_path/Frameworks",
				);
				MARKETING_VERSION = 1.0;
				PRODUCT_BUNDLE_IDENTIFIER = "programming.week3-challenge-R";
				PRODUCT_NAME = "$(TARGET_NAME)";
				SWIFT_EMIT_LOC_STRINGS = YES;
				SWIFT_VERSION = 5.0;
				TARGETED_DEVICE_FAMILY = "1,2";
			};
			name = Debug;
		};
		BFF23F7028EDF6EC00BC38D0 /* Release */ = {
			isa = XCBuildConfiguration;
			baseConfigurationReference = D6C543B6959CA56297BB7C55 /* Pods-week3_challenge_R.release.xcconfig */;
			buildSettings = {
				ASSETCATALOG_COMPILER_APPICON_NAME = AppIcon;
				ASSETCATALOG_COMPILER_GLOBAL_ACCENT_COLOR_NAME = AccentColor;
				CODE_SIGN_STYLE = Automatic;
				CURRENT_PROJECT_VERSION = 1;
				DEVELOPMENT_TEAM = XR5LGKB2M5;
				GENERATE_INFOPLIST_FILE = YES;
				INFOPLIST_FILE = week3_challenge_R/Info.plist;
				INFOPLIST_KEY_UIApplicationSupportsIndirectInputEvents = YES;
				INFOPLIST_KEY_UILaunchStoryboardName = LaunchScreen;
				INFOPLIST_KEY_UIMainStoryboardFile = Main;
				INFOPLIST_KEY_UISupportedInterfaceOrientations_iPad = "UIInterfaceOrientationPortrait UIInterfaceOrientationPortraitUpsideDown UIInterfaceOrientationLandscapeLeft UIInterfaceOrientationLandscapeRight";
				INFOPLIST_KEY_UISupportedInterfaceOrientations_iPhone = "UIInterfaceOrientationPortrait UIInterfaceOrientationLandscapeLeft UIInterfaceOrientationLandscapeRight";
				LD_RUNPATH_SEARCH_PATHS = (
					"$(inherited)",
					"@executable_path/Frameworks",
				);
				MARKETING_VERSION = 1.0;
				PRODUCT_BUNDLE_IDENTIFIER = "programming.week3-challenge-R";
				PRODUCT_NAME = "$(TARGET_NAME)";
				SWIFT_EMIT_LOC_STRINGS = YES;
				SWIFT_VERSION = 5.0;
				TARGETED_DEVICE_FAMILY = "1,2";
			};
			name = Release;
		};
/* End XCBuildConfiguration section */

/* Begin XCConfigurationList section */
		BFF23F5528EDF6EA00BC38D0 /* Build configuration list for PBXProject "week3_challenge_R" */ = {
			isa = XCConfigurationList;
			buildConfigurations = (
				BFF23F6C28EDF6EC00BC38D0 /* Debug */,
				BFF23F6D28EDF6EC00BC38D0 /* Release */,
			);
			defaultConfigurationIsVisible = 0;
			defaultConfigurationName = Release;
		};
		BFF23F6E28EDF6EC00BC38D0 /* Build configuration list for PBXNativeTarget "week3_challenge_R" */ = {
			isa = XCConfigurationList;
			buildConfigurations = (
				BFF23F6F28EDF6EC00BC38D0 /* Debug */,
				BFF23F7028EDF6EC00BC38D0 /* Release */,
			);
			defaultConfigurationIsVisible = 0;
			defaultConfigurationName = Release;
		};
/* End XCConfigurationList section */
	};
	rootObject = BFF23F5228EDF6EA00BC38D0 /* Project object */;
}
